
Microsoft Visual Studio Solution File, Format Version 12.00
# Visual Studio Version 16
VisualStudioVersion = 16.0.31005.135
MinimumVisualStudioVersion = 10.0.40219.1
Project("{9A19103F-16F7-4668-BE54-9A1E7A4F7556}") = "ADOPM3_10_01b", "ADOPM3_10_01\ADOPM3_10_01b.csproj", "{BAF3B774-6762-4A55-9F5E-9AEB0D06B260}"
EndProject
Project("{9A19103F-16F7-4668-BE54-9A1E7A4F7556}") = "ADOPM3_10_02", "ADOPM3_10_02\ADOPM3_10_02.csproj", "{1CE86DD2-76B6-418F-A477-AD379E67025A}"
EndProject
Project("{9A19103F-16F7-4668-BE54-9A1E7A4F7556}") = "ADOPM3_10_03", "ADOPM3_10_03\ADOPM3_10_03.csproj", "{6E234F7C-025E-401D-A7A2-7E94AC98E194}"
EndProject
Project("{9A19103F-16F7-4668-BE54-9A1E7A4F7556}") = "ADOPM3_10_04", "ADOPM3_10_04\ADOPM3_10_04.csproj", "{B3B7B6C0-7C9E-4037-9F79-C58304B7C7A9}"
EndProject
Project("{9A19103F-16F7-4668-BE54-9A1E7A4F7556}") = "ADOPM3_10_05", "ADOPM3_10_05\ADOPM3_10_05.csproj", "{98491969-5F43-4152-ACCB-57F68A16D9A7}"
EndProject
Project("{FAE04EC0-301F-11D3-BF4B-00C04F79EFBC}") = "ADOPM3_10_01a", "ADOPM3_10_01a\ADOPM3_10_01a.csproj", "{31E4FA1B-A2B4-4584-A864-8361C44D3273}"
EndProject
Global
	GlobalSection(SolutionConfigurationPlatforms) = preSolution
		Debug|Any CPU = Debug|Any CPU
		Release|Any CPU = Release|Any CPU
	EndGlobalSection
	GlobalSection(ProjectConfigurationPlatforms) = postSolution
		{BAF3B774-6762-4A55-9F5E-9AEB0D06B260}.Debug|Any CPU.ActiveCfg = Debug|Any CPU
		{BAF3B774-6762-4A55-9F5E-9AEB0D06B260}.Debug|Any CPU.Build.0 = Debug|Any CPU
		{BAF3B774-6762-4A55-9F5E-9AEB0D06B260}.Release|Any CPU.ActiveCfg = Release|Any CPU
		{BAF3B774-6762-4A55-9F5E-9AEB0D06B260}.Release|Any CPU.Build.0 = Release|Any CPU
		{1CE86DD2-76B6-418F-A477-AD379E67025A}.Debug|Any CPU.ActiveCfg = Debug|Any CPU
		{1CE86DD2-76B6-418F-A477-AD379E67025A}.Debug|Any CPU.Build.0 = Debug|Any CPU
		{1CE86DD2-76B6-418F-A477-AD379E67025A}.Release|Any CPU.ActiveCfg = Release|Any CPU
		{1CE86DD2-76B6-418F-A477-AD379E67025A}.Release|Any CPU.Build.0 = Release|Any CPU
		{6E234F7C-025E-401D-A7A2-7E94AC98E194}.Debug|Any CPU.ActiveCfg = Debug|Any CPU
		{6E234F7C-025E-401D-A7A2-7E94AC98E194}.Debug|Any CPU.Build.0 = Debug|Any CPU
		{6E234F7C-025E-401D-A7A2-7E94AC98E194}.Release|Any CPU.ActiveCfg = Release|Any CPU
		{6E234F7C-025E-401D-A7A2-7E94AC98E194}.Release|Any CPU.Build.0 = Release|Any CPU
		{B3B7B6C0-7C9E-4037-9F79-C58304B7C7A9}.Debug|Any CPU.ActiveCfg = Debug|Any CPU
		{B3B7B6C0-7C9E-4037-9F79-C58304B7C7A9}.Debug|Any CPU.Build.0 = Debug|Any CPU
		{B3B7B6C0-7C9E-4037-9F79-C58304B7C7A9}.Release|Any CPU.ActiveCfg = Release|Any CPU
		{B3B7B6C0-7C9E-4037-9F79-C58304B7C7A9}.Release|Any CPU.Build.0 = Release|Any CPU
		{98491969-5F43-4152-ACCB-57F68A16D9A7}.Debug|Any CPU.ActiveCfg = Debug|Any CPU
		{98491969-5F43-4152-ACCB-57F68A16D9A7}.Debug|Any CPU.Build.0 = Debug|Any CPU
		{98491969-5F43-4152-ACCB-57F68A16D9A7}.Release|Any CPU.ActiveCfg = Release|Any CPU
		{98491969-5F43-4152-ACCB-57F68A16D9A7}.Release|Any CPU.Build.0 = Release|Any CPU
		{31E4FA1B-A2B4-4584-A864-8361C44D3273}.Debug|Any CPU.ActiveCfg = Debug|Any CPU
		{31E4FA1B-A2B4-4584-A864-8361C44D3273}.Debug|Any CPU.Build.0 = Debug|Any CPU
		{31E4FA1B-A2B4-4584-A864-8361C44D3273}.Release|Any CPU.ActiveCfg = Release|Any CPU
		{31E4FA1B-A2B4-4584-A864-8361C44D3273}.Release|Any CPU.Build.0 = Release|Any CPU
	EndGlobalSection
	GlobalSection(SolutionProperties) = preSolution
		HideSolutionNode = FALSE
	EndGlobalSection
	GlobalSection(ExtensibilityGlobals) = postSolution
		SolutionGuid = {92C00B03-ADA3-44FE-B5C2-157D7B6C46DB}
	EndGlobalSection
EndGlobal
